
Microsoft Visual Studio Solution File, Format Version 12.00
# Visual Studio 15
VisualStudioVersion = 15.0.28010.2048
MinimumVisualStudioVersion = 10.0.40219.1
Project("{FAE04EC0-301F-11D3-BF4B-00C04F79EFBC}") = "OBeautifulCode.Excel", "OBeautifulCode.Excel\OBeautifulCode.Excel.csproj", "{E4DF95EA-31CB-439F-A2CB-D1A0F0DEBF1F}"
EndProject
Project("{FAE04EC0-301F-11D3-BF4B-00C04F79EFBC}") = "OBeautifulCode.Excel.Test", "OBeautifulCode.Excel.Test\OBeautifulCode.Excel.Test.csproj", "{A649FDCB-3CCA-4AF6-BF02-32E91CF75848}"
EndProject
Project("{2150E333-8FDC-42A3-9474-1A3956D46DE8}") = "Solution Items", "Solution Items", "{BB604C29-EE40-40D3-852F-F9FD7EFF13B8}"
	ProjectSection(SolutionItems) = preProject
		LICENSE = LICENSE
		README.md = README.md
	EndProjectSection
EndProject
Project("{FAE04EC0-301F-11D3-BF4B-00C04F79EFBC}") = "OBeautifulCode.Excel.AsposeCells", "OBeautifulCode.Excel.AsposeCells\OBeautifulCode.Excel.AsposeCells.csproj", "{21358F46-436B-400F-9D54-6BE37554CE4E}"
EndProject
Project("{FAE04EC0-301F-11D3-BF4B-00C04F79EFBC}") = "OBeautifulCode.Excel.AsposeCells.Test", "OBeautifulCode.Excel.AsposeCells.Test\OBeautifulCode.Excel.AsposeCells.Test.csproj", "{9739D76C-8015-4850-8E0C-DFB32BD5E881}"
EndProject
Project("{FAE04EC0-301F-11D3-BF4B-00C04F79EFBC}") = "OBeautifulCode.Excel.Serialization.Bson", "OBeautifulCode.Excel.Serialization.Bson\OBeautifulCode.Excel.Serialization.Bson.csproj", "{EEE080E2-B477-4C25-A329-63AF68AD0082}"
EndProject
Project("{FAE04EC0-301F-11D3-BF4B-00C04F79EFBC}") = "OBeautifulCode.Excel.Serialization.Test", "OBeautifulCode.Excel.Serialization.Test\OBeautifulCode.Excel.Serialization.Test.csproj", "{62333850-4613-4AF9-AE4E-BEE6DAB4B19F}"
EndProject
Project("{FAE04EC0-301F-11D3-BF4B-00C04F79EFBC}") = "OBeautifulCode.Excel.Serialization.Json", "OBeautifulCode.Excel.Serialization.Json\OBeautifulCode.Excel.Serialization.Json.csproj", "{CBFA794C-DDA1-4687-A21C-2CD64BD124B8}"
EndProject
Global
	GlobalSection(SolutionConfigurationPlatforms) = preSolution
		Debug|Any CPU = Debug|Any CPU
		Release|Any CPU = Release|Any CPU
	EndGlobalSection
	GlobalSection(ProjectConfigurationPlatforms) = postSolution
		{E4DF95EA-31CB-439F-A2CB-D1A0F0DEBF1F}.Debug|Any CPU.ActiveCfg = Debug|Any CPU
		{E4DF95EA-31CB-439F-A2CB-D1A0F0DEBF1F}.Debug|Any CPU.Build.0 = Debug|Any CPU
		{E4DF95EA-31CB-439F-A2CB-D1A0F0DEBF1F}.Release|Any CPU.ActiveCfg = Release|Any CPU
		{E4DF95EA-31CB-439F-A2CB-D1A0F0DEBF1F}.Release|Any CPU.Build.0 = Release|Any CPU
		{A649FDCB-3CCA-4AF6-BF02-32E91CF75848}.Debug|Any CPU.ActiveCfg = Debug|Any CPU
		{A649FDCB-3CCA-4AF6-BF02-32E91CF75848}.Debug|Any CPU.Build.0 = Debug|Any CPU
		{A649FDCB-3CCA-4AF6-BF02-32E91CF75848}.Release|Any CPU.ActiveCfg = Release|Any CPU
		{A649FDCB-3CCA-4AF6-BF02-32E91CF75848}.Release|Any CPU.Build.0 = Release|Any CPU
		{21358F46-436B-400F-9D54-6BE37554CE4E}.Debug|Any CPU.ActiveCfg = Debug|Any CPU
		{21358F46-436B-400F-9D54-6BE37554CE4E}.Debug|Any CPU.Build.0 = Debug|Any CPU
		{21358F46-436B-400F-9D54-6BE37554CE4E}.Release|Any CPU.ActiveCfg = Release|Any CPU
		{21358F46-436B-400F-9D54-6BE37554CE4E}.Release|Any CPU.Build.0 = Release|Any CPU
		{9739D76C-8015-4850-8E0C-DFB32BD5E881}.Debug|Any CPU.ActiveCfg = Debug|Any CPU
		{9739D76C-8015-4850-8E0C-DFB32BD5E881}.Debug|Any CPU.Build.0 = Debug|Any CPU
		{9739D76C-8015-4850-8E0C-DFB32BD5E881}.Release|Any CPU.ActiveCfg = Release|Any CPU
		{9739D76C-8015-4850-8E0C-DFB32BD5E881}.Release|Any CPU.Build.0 = Release|Any CPU
		{EEE080E2-B477-4C25-A329-63AF68AD0082}.Debug|Any CPU.ActiveCfg = Debug|Any CPU
		{EEE080E2-B477-4C25-A329-63AF68AD0082}.Debug|Any CPU.Build.0 = Debug|Any CPU
		{EEE080E2-B477-4C25-A329-63AF68AD0082}.Release|Any CPU.ActiveCfg = Release|Any CPU
		{EEE080E2-B477-4C25-A329-63AF68AD0082}.Release|Any CPU.Build.0 = Release|Any CPU
		{62333850-4613-4AF9-AE4E-BEE6DAB4B19F}.Debug|Any CPU.ActiveCfg = Debug|Any CPU
		{62333850-4613-4AF9-AE4E-BEE6DAB4B19F}.Debug|Any CPU.Build.0 = Debug|Any CPU
		{62333850-4613-4AF9-AE4E-BEE6DAB4B19F}.Release|Any CPU.ActiveCfg = Release|Any CPU
		{62333850-4613-4AF9-AE4E-BEE6DAB4B19F}.Release|Any CPU.Build.0 = Release|Any CPU
		{CBFA794C-DDA1-4687-A21C-2CD64BD124B8}.Debug|Any CPU.ActiveCfg = Debug|Any CPU
		{CBFA794C-DDA1-4687-A21C-2CD64BD124B8}.Debug|Any CPU.Build.0 = Debug|Any CPU
		{CBFA794C-DDA1-4687-A21C-2CD64BD124B8}.Release|Any CPU.ActiveCfg = Release|Any CPU
		{CBFA794C-DDA1-4687-A21C-2CD64BD124B8}.Release|Any CPU.Build.0 = Release|Any CPU
	EndGlobalSection
	GlobalSection(SolutionProperties) = preSolution
		HideSolutionNode = FALSE
	EndGlobalSection
	GlobalSection(ExtensibilityGlobals) = postSolution
		SolutionGuid = {B13DAF8F-C628-4A09-A3AC-A1A61C951A35}
	EndGlobalSection
EndGlobal
